
Microsoft Visual Studio Solution File, Format Version 12.00
# Visual Studio Version 17
VisualStudioVersion = 17.8.34309.116
MinimumVisualStudioVersion = 10.0.40219.1
Project("{9A19103F-16F7-4668-BE54-9A1E7A4F7556}") = "KNNClassifier", "KNN_SP_SDRs\KNNClassifier.csproj", "{E1E1128D-BECF-47CC-B757-E29CDB7912AE}"
EndProject
Project("{9A19103F-16F7-4668-BE54-9A1E7A4F7556}") = "KNNUnitTest", "KNN_UnitTest\KNNUnitTest.csproj", "{15BEBF0C-95E8-4AE1-907B-A43B6991F6FF}"
EndProject
Global
	GlobalSection(SolutionConfigurationPlatforms) = preSolution
		Debug|Any CPU = Debug|Any CPU
		Release|Any CPU = Release|Any CPU
	EndGlobalSection
	GlobalSection(ProjectConfigurationPlatforms) = postSolution
		{E1E1128D-BECF-47CC-B757-E29CDB7912AE}.Debug|Any CPU.ActiveCfg = Debug|Any CPU
		{E1E1128D-BECF-47CC-B757-E29CDB7912AE}.Debug|Any CPU.Build.0 = Debug|Any CPU
		{E1E1128D-BECF-47CC-B757-E29CDB7912AE}.Release|Any CPU.ActiveCfg = Release|Any CPU
		{E1E1128D-BECF-47CC-B757-E29CDB7912AE}.Release|Any CPU.Build.0 = Release|Any CPU
		{15BEBF0C-95E8-4AE1-907B-A43B6991F6FF}.Debug|Any CPU.ActiveCfg = Debug|Any CPU
		{15BEBF0C-95E8-4AE1-907B-A43B6991F6FF}.Debug|Any CPU.Build.0 = Debug|Any CPU
		{15BEBF0C-95E8-4AE1-907B-A43B6991F6FF}.Release|Any CPU.ActiveCfg = Release|Any CPU
		{15BEBF0C-95E8-4AE1-907B-A43B6991F6FF}.Release|Any CPU.Build.0 = Release|Any CPU
	EndGlobalSection
	GlobalSection(SolutionProperties) = preSolution
		HideSolutionNode = FALSE
	EndGlobalSection
	GlobalSection(ExtensibilityGlobals) = postSolution
		SolutionGuid = {D829324E-911D-446A-830D-3FC21961D985}
	EndGlobalSection
EndGlobal
