
Microsoft Visual Studio Solution File, Format Version 12.00
# Visual Studio Version 17
VisualStudioVersion = 17.8.34316.72
MinimumVisualStudioVersion = 10.0.40219.1
Project("{9A19103F-16F7-4668-BE54-9A1E7A4F7556}") = "KNN Classifier", "KNN Classifier\KNN Classifier.csproj", "{F4F1FC88-C1F1-4FF7-8E76-744343F1D2B2}"
EndProject
Project("{FAE04EC0-301F-11D3-BF4B-00C04F79EFBC}") = "KNN_Test", "KNN_Test\KNN_Test.csproj", "{B5B4BA2E-7BD8-4BD6-8CD3-6312F619777B}"
EndProject
Global
	GlobalSection(SolutionConfigurationPlatforms) = preSolution
		Debug|Any CPU = Debug|Any CPU
		Release|Any CPU = Release|Any CPU
	EndGlobalSection
	GlobalSection(ProjectConfigurationPlatforms) = postSolution
		{F4F1FC88-C1F1-4FF7-8E76-744343F1D2B2}.Debug|Any CPU.ActiveCfg = Debug|Any CPU
		{F4F1FC88-C1F1-4FF7-8E76-744343F1D2B2}.Debug|Any CPU.Build.0 = Debug|Any CPU
		{F4F1FC88-C1F1-4FF7-8E76-744343F1D2B2}.Release|Any CPU.ActiveCfg = Release|Any CPU
		{F4F1FC88-C1F1-4FF7-8E76-744343F1D2B2}.Release|Any CPU.Build.0 = Release|Any CPU
		{B5B4BA2E-7BD8-4BD6-8CD3-6312F619777B}.Debug|Any CPU.ActiveCfg = Debug|Any CPU
		{B5B4BA2E-7BD8-4BD6-8CD3-6312F619777B}.Debug|Any CPU.Build.0 = Debug|Any CPU
		{B5B4BA2E-7BD8-4BD6-8CD3-6312F619777B}.Release|Any CPU.ActiveCfg = Release|Any CPU
		{B5B4BA2E-7BD8-4BD6-8CD3-6312F619777B}.Release|Any CPU.Build.0 = Release|Any CPU
	EndGlobalSection
	GlobalSection(SolutionProperties) = preSolution
		HideSolutionNode = FALSE
	EndGlobalSection
	GlobalSection(ExtensibilityGlobals) = postSolution
		SolutionGuid = {BB82965B-8C58-496C-AB5C-542E30610A47}
	EndGlobalSection
EndGlobal
